
Microsoft Visual Studio Solution File, Format Version 12.00
# Visual Studio Version 17
VisualStudioVersion = 17.8.34330.188
MinimumVisualStudioVersion = 10.0.40219.1
Project("{8BC9CEB8-8B4A-11D0-8D11-00A0C91BC942}") = "new&delete", "new&delete\new&delete.vcxproj", "{387B475F-B8C1-4A48-83FB-A8C92CA8AACA}"
EndProject
Global
	GlobalSection(SolutionConfigurationPlatforms) = preSolution
		Debug|x64 = Debug|x64
		Debug|x86 = Debug|x86
		Release|x64 = Release|x64
		Release|x86 = Release|x86
	EndGlobalSection
	GlobalSection(ProjectConfigurationPlatforms) = postSolution
		{387B475F-B8C1-4A48-83FB-A8C92CA8AACA}.Debug|x64.ActiveCfg = Debug|x64
		{387B475F-B8C1-4A48-83FB-A8C92CA8AACA}.Debug|x64.Build.0 = Debug|x64
		{387B475F-B8C1-4A48-83FB-A8C92CA8AACA}.Debug|x86.ActiveCfg = Debug|Win32
		{387B475F-B8C1-4A48-83FB-A8C92CA8AACA}.Debug|x86.Build.0 = Debug|Win32
		{387B475F-B8C1-4A48-83FB-A8C92CA8AACA}.Release|x64.ActiveCfg = Release|x64
		{387B475F-B8C1-4A48-83FB-A8C92CA8AACA}.Release|x64.Build.0 = Release|x64
		{387B475F-B8C1-4A48-83FB-A8C92CA8AACA}.Release|x86.ActiveCfg = Release|Win32
		{387B475F-B8C1-4A48-83FB-A8C92CA8AACA}.Release|x86.Build.0 = Release|Win32
	EndGlobalSection
	GlobalSection(SolutionProperties) = preSolution
		HideSolutionNode = FALSE
	EndGlobalSection
	GlobalSection(ExtensibilityGlobals) = postSolution
		SolutionGuid = {2A0560EA-3BC9-490B-8CF7-BF29D2D6CCF8}
	EndGlobalSection
EndGlobal
